
Microsoft Visual Studio Solution File, Format Version 12.00
# Visual Studio Version 16
VisualStudioVersion = 16.0.30309.148
MinimumVisualStudioVersion = 10.0.40219.1
Project("{9A19103F-16F7-4668-BE54-9A1E7A4F7556}") = "EFCore", "EFCore\EFCore.csproj", "{7B8EA76A-1C7D-41D3-B1CD-D8411A8FC695}"
EndProject
Project("{2150E333-8FDC-42A3-9474-1A3956D46DE8}") = "Docs", "Docs", "{C2B092C4-3691-402E-8FDA-4AFBADE4BDD1}"
	ProjectSection(SolutionItems) = preProject
		Docs\ReadMe.md = Docs\ReadMe.md
	EndProjectSection
EndProject
Project("{2150E333-8FDC-42A3-9474-1A3956D46DE8}") = "Src", "Src", "{74E727C8-481D-42F1-97DB-67E6ACCE58F8}"
EndProject
Global
	GlobalSection(SolutionConfigurationPlatforms) = preSolution
		Debug|Any CPU = Debug|Any CPU
		Release|Any CPU = Release|Any CPU
	EndGlobalSection
	GlobalSection(ProjectConfigurationPlatforms) = postSolution
		{7B8EA76A-1C7D-41D3-B1CD-D8411A8FC695}.Debug|Any CPU.ActiveCfg = Debug|Any CPU
		{7B8EA76A-1C7D-41D3-B1CD-D8411A8FC695}.Debug|Any CPU.Build.0 = Debug|Any CPU
		{7B8EA76A-1C7D-41D3-B1CD-D8411A8FC695}.Release|Any CPU.ActiveCfg = Release|Any CPU
		{7B8EA76A-1C7D-41D3-B1CD-D8411A8FC695}.Release|Any CPU.Build.0 = Release|Any CPU
	EndGlobalSection
	GlobalSection(SolutionProperties) = preSolution
		HideSolutionNode = FALSE
	EndGlobalSection
	GlobalSection(NestedProjects) = preSolution
		{7B8EA76A-1C7D-41D3-B1CD-D8411A8FC695} = {74E727C8-481D-42F1-97DB-67E6ACCE58F8}
	EndGlobalSection
	GlobalSection(ExtensibilityGlobals) = postSolution
		SolutionGuid = {04588344-AC30-4DFD-83CD-54B8EAEFD664}
	EndGlobalSection
EndGlobal
