
Microsoft Visual Studio Solution File, Format Version 12.00
# Visual Studio Version 16
VisualStudioVersion = 16.0.30309.148
MinimumVisualStudioVersion = 10.0.40219.1
Project("{FAE04EC0-301F-11D3-BF4B-00C04F79EFBC}") = "EncryptDecrypt", "EncryptDecrypt\EncryptDecrypt.csproj", "{EA83E2A6-E35A-415F-9854-C6064B245C03}"
EndProject
Global
	GlobalSection(SolutionConfigurationPlatforms) = preSolution
		Debug|Any CPU = Debug|Any CPU
		Release|Any CPU = Release|Any CPU
	EndGlobalSection
	GlobalSection(ProjectConfigurationPlatforms) = postSolution
		{EA83E2A6-E35A-415F-9854-C6064B245C03}.Debug|Any CPU.ActiveCfg = Debug|Any CPU
		{EA83E2A6-E35A-415F-9854-C6064B245C03}.Debug|Any CPU.Build.0 = Debug|Any CPU
		{EA83E2A6-E35A-415F-9854-C6064B245C03}.Release|Any CPU.ActiveCfg = Release|Any CPU
		{EA83E2A6-E35A-415F-9854-C6064B245C03}.Release|Any CPU.Build.0 = Release|Any CPU
	EndGlobalSection
	GlobalSection(SolutionProperties) = preSolution
		HideSolutionNode = FALSE
	EndGlobalSection
	GlobalSection(ExtensibilityGlobals) = postSolution
		SolutionGuid = {9D5FDF0C-2510-4AA6-8A8E-915DE429149C}
	EndGlobalSection
EndGlobal
