
Microsoft Visual Studio Solution File, Format Version 12.00
# Visual Studio Version 16
VisualStudioVersion = 16.0.29728.190
MinimumVisualStudioVersion = 10.0.40219.1
Project("{FAE04EC0-301F-11D3-BF4B-00C04F79EFBC}") = "CalenderApp", "CalenderApp\CalenderApp.csproj", "{BA62F0BF-C87F-47B4-90E8-C729E4A91801}"
EndProject
Project("{2150E333-8FDC-42A3-9474-1A3956D46DE8}") = "src", "src", "{3C9C8D5C-3C05-49BB-95B1-81AEE3597F07}"
EndProject
Project("{2150E333-8FDC-42A3-9474-1A3956D46DE8}") = "docs", "docs", "{39DEE9FD-75DE-4BD7-A5D2-086A026A0702}"
	ProjectSection(SolutionItems) = preProject
		Docs\ReadMe.txt = Docs\ReadMe.txt
	EndProjectSection
EndProject
Global
	GlobalSection(SolutionConfigurationPlatforms) = preSolution
		Debug|Any CPU = Debug|Any CPU
		Release|Any CPU = Release|Any CPU
	EndGlobalSection
	GlobalSection(ProjectConfigurationPlatforms) = postSolution
		{BA62F0BF-C87F-47B4-90E8-C729E4A91801}.Debug|Any CPU.ActiveCfg = Debug|Any CPU
		{BA62F0BF-C87F-47B4-90E8-C729E4A91801}.Debug|Any CPU.Build.0 = Debug|Any CPU
		{BA62F0BF-C87F-47B4-90E8-C729E4A91801}.Release|Any CPU.ActiveCfg = Release|Any CPU
		{BA62F0BF-C87F-47B4-90E8-C729E4A91801}.Release|Any CPU.Build.0 = Release|Any CPU
	EndGlobalSection
	GlobalSection(SolutionProperties) = preSolution
		HideSolutionNode = FALSE
	EndGlobalSection
	GlobalSection(NestedProjects) = preSolution
		{BA62F0BF-C87F-47B4-90E8-C729E4A91801} = {3C9C8D5C-3C05-49BB-95B1-81AEE3597F07}
	EndGlobalSection
	GlobalSection(ExtensibilityGlobals) = postSolution
		SolutionGuid = {E10B5F75-7BAC-49E0-AE0A-3161C10B3510}
	EndGlobalSection
EndGlobal
