
Microsoft Visual Studio Solution File, Format Version 12.00
# Visual Studio 15
VisualStudioVersion = 15.0.28307.168
MinimumVisualStudioVersion = 10.0.40219.1
Project("{FAE04EC0-301F-11D3-BF4B-00C04F79EFBC}") = "JWTToken", "JWTToken\JWTToken.csproj", "{A5F0C37C-2AE7-4D86-BFDF-3A6B9F9382F6}"
EndProject
Global
	GlobalSection(SolutionConfigurationPlatforms) = preSolution
		Debug|Any CPU = Debug|Any CPU
		Release|Any CPU = Release|Any CPU
	EndGlobalSection
	GlobalSection(ProjectConfigurationPlatforms) = postSolution
		{A5F0C37C-2AE7-4D86-BFDF-3A6B9F9382F6}.Debug|Any CPU.ActiveCfg = Debug|Any CPU
		{A5F0C37C-2AE7-4D86-BFDF-3A6B9F9382F6}.Debug|Any CPU.Build.0 = Debug|Any CPU
		{A5F0C37C-2AE7-4D86-BFDF-3A6B9F9382F6}.Release|Any CPU.ActiveCfg = Release|Any CPU
		{A5F0C37C-2AE7-4D86-BFDF-3A6B9F9382F6}.Release|Any CPU.Build.0 = Release|Any CPU
	EndGlobalSection
	GlobalSection(SolutionProperties) = preSolution
		HideSolutionNode = FALSE
	EndGlobalSection
	GlobalSection(ExtensibilityGlobals) = postSolution
		SolutionGuid = {EE69B43D-9B0A-4762-9BF0-C12F26960803}
	EndGlobalSection
EndGlobal
