
Microsoft Visual Studio Solution File, Format Version 12.00
# Visual Studio Version 16
VisualStudioVersion = 16.0.29009.5
MinimumVisualStudioVersion = 10.0.40219.1
Project("{FAE04EC0-301F-11D3-BF4B-00C04F79EFBC}") = "OpenCoverDemoASPX", "OpenCover\OpenCoverDemoASPX.csproj", "{C731AA6D-A94F-4CD7-86C4-1749F55372B8}"
EndProject
Project("{FAE04EC0-301F-11D3-BF4B-00C04F79EFBC}") = "OpenCoverDemoLib", "OpenCoverLib\OpenCoverDemoLib.csproj", "{C77D60EF-190B-4CF6-8DB0-255B1CABD50D}"
EndProject
Global
	GlobalSection(SolutionConfigurationPlatforms) = preSolution
		Debug|Any CPU = Debug|Any CPU
		Release|Any CPU = Release|Any CPU
	EndGlobalSection
	GlobalSection(ProjectConfigurationPlatforms) = postSolution
		{C731AA6D-A94F-4CD7-86C4-1749F55372B8}.Debug|Any CPU.ActiveCfg = Debug|Any CPU
		{C731AA6D-A94F-4CD7-86C4-1749F55372B8}.Debug|Any CPU.Build.0 = Debug|Any CPU
		{C731AA6D-A94F-4CD7-86C4-1749F55372B8}.Release|Any CPU.ActiveCfg = Release|Any CPU
		{C731AA6D-A94F-4CD7-86C4-1749F55372B8}.Release|Any CPU.Build.0 = Release|Any CPU
		{C77D60EF-190B-4CF6-8DB0-255B1CABD50D}.Debug|Any CPU.ActiveCfg = Debug|Any CPU
		{C77D60EF-190B-4CF6-8DB0-255B1CABD50D}.Debug|Any CPU.Build.0 = Debug|Any CPU
		{C77D60EF-190B-4CF6-8DB0-255B1CABD50D}.Release|Any CPU.ActiveCfg = Release|Any CPU
		{C77D60EF-190B-4CF6-8DB0-255B1CABD50D}.Release|Any CPU.Build.0 = Release|Any CPU
	EndGlobalSection
	GlobalSection(SolutionProperties) = preSolution
		HideSolutionNode = FALSE
	EndGlobalSection
	GlobalSection(ExtensibilityGlobals) = postSolution
		SolutionGuid = {8D58B909-E9EE-4D26-8249-CD127D6A2EB9}
	EndGlobalSection
EndGlobal
