
Microsoft Visual Studio Solution File, Format Version 12.00
# Visual Studio Version 16
VisualStudioVersion = 16.0.30114.105
MinimumVisualStudioVersion = 10.0.40219.1
Project("{FAE04EC0-301F-11D3-BF4B-00C04F79EFBC}") = "CognitiveServices.Vision", "CognitiveServices.Vision\CognitiveServices.Vision.csproj", "{A1E80657-C94E-49CD-8B1C-FFF7922BEA6C}"
EndProject
Project("{2150E333-8FDC-42A3-9474-1A3956D46DE8}") = "docs", "docs", "{09E5AE0F-EDCE-46BE-AD8B-CA7294BB329C}"
	ProjectSection(SolutionItems) = preProject
		Docs\ReadMe.txt = Docs\ReadMe.txt
	EndProjectSection
EndProject
Project("{2150E333-8FDC-42A3-9474-1A3956D46DE8}") = "src", "src", "{C0C6D021-A004-4E46-A899-245EAF476ECA}"
EndProject
Global
	GlobalSection(SolutionConfigurationPlatforms) = preSolution
		Debug|Any CPU = Debug|Any CPU
		Release|Any CPU = Release|Any CPU
	EndGlobalSection
	GlobalSection(ProjectConfigurationPlatforms) = postSolution
		{A1E80657-C94E-49CD-8B1C-FFF7922BEA6C}.Debug|Any CPU.ActiveCfg = Debug|Any CPU
		{A1E80657-C94E-49CD-8B1C-FFF7922BEA6C}.Debug|Any CPU.Build.0 = Debug|Any CPU
		{A1E80657-C94E-49CD-8B1C-FFF7922BEA6C}.Release|Any CPU.ActiveCfg = Release|Any CPU
		{A1E80657-C94E-49CD-8B1C-FFF7922BEA6C}.Release|Any CPU.Build.0 = Release|Any CPU
	EndGlobalSection
	GlobalSection(SolutionProperties) = preSolution
		HideSolutionNode = FALSE
	EndGlobalSection
	GlobalSection(NestedProjects) = preSolution
		{A1E80657-C94E-49CD-8B1C-FFF7922BEA6C} = {C0C6D021-A004-4E46-A899-245EAF476ECA}
	EndGlobalSection
	GlobalSection(ExtensibilityGlobals) = postSolution
		SolutionGuid = {59049FAA-A46B-4A85-B286-F879ACFA983E}
	EndGlobalSection
EndGlobal
