
Microsoft Visual Studio Solution File, Format Version 12.00
# Visual Studio Version 17
VisualStudioVersion = 17.3.32804.467
MinimumVisualStudioVersion = 10.0.40219.1
Project("{9A19103F-16F7-4668-BE54-9A1E7A4F7556}") = "issue491", "issue491.csproj", "{CC444D6C-680D-4FE4-9ECC-A6E1D1E4AA5C}"
EndProject
Global
	GlobalSection(SolutionConfigurationPlatforms) = preSolution
		Debug|Any CPU = Debug|Any CPU
		Release|Any CPU = Release|Any CPU
	EndGlobalSection
	GlobalSection(ProjectConfigurationPlatforms) = postSolution
		{CC444D6C-680D-4FE4-9ECC-A6E1D1E4AA5C}.Debug|Any CPU.ActiveCfg = Debug|Any CPU
		{CC444D6C-680D-4FE4-9ECC-A6E1D1E4AA5C}.Debug|Any CPU.Build.0 = Debug|Any CPU
		{CC444D6C-680D-4FE4-9ECC-A6E1D1E4AA5C}.Release|Any CPU.ActiveCfg = Release|Any CPU
		{CC444D6C-680D-4FE4-9ECC-A6E1D1E4AA5C}.Release|Any CPU.Build.0 = Release|Any CPU
	EndGlobalSection
	GlobalSection(SolutionProperties) = preSolution
		HideSolutionNode = FALSE
	EndGlobalSection
	GlobalSection(ExtensibilityGlobals) = postSolution
		SolutionGuid = {484B47E0-C20A-4394-A0B8-DFB133E4C8D5}
	EndGlobalSection
EndGlobal
